version = 1
requires-python = ">=3.6"

[[package]]
name = "bitwarden-sdk"
version = "1.0.0"
source = { registry = "https://pypi.org/simple" }
dependencies = [
    { name = "dateutils" },
]
sdist = { url = "https://files.pythonhosted.org/packages/dd/03/11934ae9d668283895286872a7af3de25d324ec9ac86da5a56ac9dc48544/bitwarden_sdk-1.0.0.tar.gz", hash = "sha256:846bc84ebc29ba326211e6552e628cd7d000a986ef35552ffda9d10bde913e21", size = 374462 }
wheels = [
    { url = "https://files.pythonhosted.org/packages/62/ad/74c957cc070fd0f6199bcf6768326e2b9c2c3fb0e9e2c724b2cba812aa5e/bitwarden_sdk-1.0.0-cp310-cp310-manylinux_2_28_aarch64.whl", hash = "sha256:c9a18970ea1434954668df44a16bc3eb04e3dfca32140fae7fc8efc4b22a7220", size = 2538317 },
    { url = "https://files.pythonhosted.org/packages/fc/15/be4e93ea068ef39b385e786d9d8e41b8979514117f204119c28e76f24851/bitwarden_sdk-1.0.0-cp310-cp310-manylinux_2_28_x86_64.whl", hash = "sha256:671a4862ec48e6a07c6823925d28022a6c1bb5376ea068823a2f1a8616abf612", size = 2616906 },
    { url = "https://files.pythonhosted.org/packages/72/1a/1992454919ddb71d7f7a17bb126e0a6d1cdca8cf5ad5625c12b47dbf6fcf/bitwarden_sdk-1.0.0-cp310-none-win_amd64.whl", hash = "sha256:7186e85b0a5c3563963f941153c0c9a23eb1e8a03cced931f628a7c402549b5e", size = 2235599 },
    { url = "https://files.pythonhosted.org/packages/bb/62/a4c32671dc89d9c0c6d68fbfb339cc5ec30091b094c41aa864dde6badf52/bitwarden_sdk-1.0.0-cp311-cp311-macosx_10_12_x86_64.whl", hash = "sha256:d7315e35ae2634efb24ca4e5fbffbfc64561ef2a59824982d56b0044b2f14542", size = 2423140 },
    { url = "https://files.pythonhosted.org/packages/f1/64/de3e3062684f69818dcd587032675e74c0b24b3c0b4b80295f5cc21af1fe/bitwarden_sdk-1.0.0-cp311-cp311-macosx_11_0_arm64.whl", hash = "sha256:a9fa124ad617fd1c01b698070c1ca4c82c37bb0e168a7a5843cf7cdcb2eb6c67", size = 2260450 },
    { url = "https://files.pythonhosted.org/packages/6d/38/4cda8b0f0b4101015d36d9b83e4afd822c3e99f0c9623acc097257cae298/bitwarden_sdk-1.0.0-cp311-cp311-manylinux_2_28_aarch64.whl", hash = "sha256:61f5c524073f6da5c41a699f0acc1e3bfa087de32c9d611c1b0e4e89f760edbc", size = 2537929 },
    { url = "https://files.pythonhosted.org/packages/83/1d/da3930991ae5eaa309ff3fe254998cdebdfc759c65bd615af3d74a3fbcd5/bitwarden_sdk-1.0.0-cp311-cp311-manylinux_2_28_x86_64.whl", hash = "sha256:305d411055f2b265f19b10c004e895af8abb128012f92d855540bdaa090a2bbc", size = 2616789 },
    { url = "https://files.pythonhosted.org/packages/2e/83/0299580a7cdff78a72d3933c8349a5a22533c28b37bfdf007723dd78ee99/bitwarden_sdk-1.0.0-cp311-none-win_amd64.whl", hash = "sha256:2ad8018b53a24b3e6b25f89c4654be48db0cedb893eba0f5e3055d795c3e3d68", size = 2235406 },
    { url = "https://files.pythonhosted.org/packages/b7/3f/34432667d89b9e3368f0e929f77417e21a4351ab52717f64fbf28e2cd68b/bitwarden_sdk-1.0.0-cp312-cp312-macosx_10_12_x86_64.whl", hash = "sha256:cc493f18fee92860b069cd18365ba668d28b52a555157d1a18b5ab0480dadf59", size = 2423031 },
    { url = "https://files.pythonhosted.org/packages/9d/aa/73415b9995722eeb0861fcf49166572d8159c06d6df56f9944774519ce69/bitwarden_sdk-1.0.0-cp312-cp312-macosx_11_0_arm64.whl", hash = "sha256:9f7f9bfc8923dcb0ca88fb6eefae43cd928805f536f746be1db4a8dfc9b5f44d", size = 2260092 },
    { url = "https://files.pythonhosted.org/packages/bb/47/f849a9402b931f56f5476f603b21cda92e90323fb73ad2546014e3b8eb52/bitwarden_sdk-1.0.0-cp312-cp312-manylinux_2_28_aarch64.whl", hash = "sha256:9a6aada6f421f5fc26f4e9bbc7f3e538439cb388794021214e49ce7578a8d345", size = 2537437 },
    { url = "https://files.pythonhosted.org/packages/dc/3a/42f4ae601947e39a48cb3e23e672fe467bb9ed22ebe869778860cece8c4a/bitwarden_sdk-1.0.0-cp312-cp312-manylinux_2_28_x86_64.whl", hash = "sha256:2fae1101b527ffdceed2f817d16d20076a5949df9fc64184053f09ff79f035f3", size = 2616881 },
    { url = "https://files.pythonhosted.org/packages/28/b3/43fda8bac7e21e431088270ad2e5d0deaa4847315f1687c9b8eacb56300f/bitwarden_sdk-1.0.0-cp312-none-win_amd64.whl", hash = "sha256:7198c80a1cb87d28f2f134db3296b3e34255c8ba4b9863a5c9a2dca3c2ce6803", size = 2235663 },
    { url = "https://files.pythonhosted.org/packages/49/3a/2c375831efe04299f7828ccacdfe13d044f95af526453c28718f95af3785/bitwarden_sdk-1.0.0-cp37-cp37m-manylinux_2_28_aarch64.whl", hash = "sha256:4306d1091f4dfec9929844d93312209354d792faf92bc4ad1acf73c19d773133", size = 2538680 },
    { url = "https://files.pythonhosted.org/packages/61/50/97717781ee85552c4da63b2cb09d3e7c24378e391f5551e8e77f1c9a9b87/bitwarden_sdk-1.0.0-cp37-cp37m-manylinux_2_28_x86_64.whl", hash = "sha256:9849426d451be7debf1c36842ef98955af9f2d5c8d53d8bce4345a8696bf6f65", size = 2617029 },
    { url = "https://files.pythonhosted.org/packages/d0/18/5618e07959fc250d0fd1802c3eeeb00ba5c2d8f3cb42ccdc0e2388cf1e15/bitwarden_sdk-1.0.0-cp37-none-win_amd64.whl", hash = "sha256:77f1af4e89398e29d665d874c03b4c6b79b116cf5f4a229333f1f78e8b484afd", size = 2235709 },
    { url = "https://files.pythonhosted.org/packages/c7/6f/e7fef863726b7c60d46dc6321fceeb56c485263d7880d8653ad8b7137537/bitwarden_sdk-1.0.0-cp38-cp38-manylinux_2_28_aarch64.whl", hash = "sha256:1dcb03cdf87ee9c6f26f6b900d50a01c2d5f6d393af59f712092a1b85ae547fe", size = 2538552 },
    { url = "https://files.pythonhosted.org/packages/60/62/8402f12edab770fe9ba749a72fe903e2e3cb2b9672ae2a5b6c3d8c3797c2/bitwarden_sdk-1.0.0-cp38-cp38-manylinux_2_28_x86_64.whl", hash = "sha256:b1bb44aa58c95b231b3bcdf29d5ac42942a9eb9a1f864c45f2e1f2caec4fb7a0", size = 2617005 },
    { url = "https://files.pythonhosted.org/packages/f6/67/9d04ae6aba37cebdda72ed0260a6242e892a54aa9c0ef71375e2c9d25268/bitwarden_sdk-1.0.0-cp38-none-win_amd64.whl", hash = "sha256:e988a2eb18323932761c02f41b85ddd3b4626d1e92b0d220177eb0417fedb783", size = 2235727 },
    { url = "https://files.pythonhosted.org/packages/52/a3/30adaefd436a127c31773c35f8132cecc7d4bdf2d5139f653726e8300043/bitwarden_sdk-1.0.0-cp39-cp39-manylinux_2_28_aarch64.whl", hash = "sha256:1af6755f677e8ccad2925f933f594a996fb6496edf84741725241d1ea23c8aca", size = 2538273 },
    { url = "https://files.pythonhosted.org/packages/83/78/b2e18814c6c20da138e568dbb277b804ff44c71227438c4a1aa08aa3a22c/bitwarden_sdk-1.0.0-cp39-cp39-manylinux_2_28_x86_64.whl", hash = "sha256:bbc2f6f406e012498b79b40846359947d6305a2832b102b26f9be941273931dd", size = 2617265 },
    { url = "https://files.pythonhosted.org/packages/ff/18/c74ff878a4d6932948acbff4acbc4a2c608a371543f1e191c4cea5c98ab8/bitwarden_sdk-1.0.0-cp39-none-win_amd64.whl", hash = "sha256:098b9df083f9a51ceb62e30150fa3ef137b3b06c2c81c864980950deee01abf8", size = 2235686 },
    { url = "https://files.pythonhosted.org/packages/d4/dc/17a0f1d5b122c2877690d32ccdf68bedc08241948356fdeedfebfd97086c/bitwarden_sdk-1.0.0-pp310-pypy310_pp73-macosx_10_12_x86_64.whl", hash = "sha256:cdad7e41f46da343cd3cdcdbdce5720d97e7588513591f104ebe0baf42f12e65", size = 2422767 },
    { url = "https://files.pythonhosted.org/packages/95/41/4f0e986f683a95bf6b26c57433352d4d3bfcc72da422ae8f4220275b08d3/bitwarden_sdk-1.0.0-pp310-pypy310_pp73-macosx_11_0_arm64.whl", hash = "sha256:468b696f10877801ccca83fbcc045bc51e84103539a66623775f5088ecf3921a", size = 2260382 },
    { url = "https://files.pythonhosted.org/packages/da/44/ae62735ea477fba4793b1456cb3fa5438af135fe242228cfd7bc132cbc51/bitwarden_sdk-1.0.0-pp310-pypy310_pp73-manylinux_2_28_aarch64.whl", hash = "sha256:8bff7808b19686ace8314f5679058cb723a5654d0540918f7c06fc11c14ee4e8", size = 2538117 },
    { url = "https://files.pythonhosted.org/packages/94/cb/1afff7bea740a0581f629a225b166511640050acb2f7171c4d162881f699/bitwarden_sdk-1.0.0-pp310-pypy310_pp73-manylinux_2_28_x86_64.whl", hash = "sha256:e3913d95aa0c4c55e1410f409f8587f9c56f73de3d3e56b78e4bef750744127f", size = 2616622 },
    { url = "https://files.pythonhosted.org/packages/eb/66/87fd1b977f3ba56440fe11a15ac37ddedb6cc0ddf30aa9e10de558bf6e07/bitwarden_sdk-1.0.0-pp37-pypy37_pp73-macosx_10_12_x86_64.whl", hash = "sha256:4a89bda3e5a284afbd26ff222b6fa2802ad422627850a7b72c665e789874d234", size = 2425010 },
    { url = "https://files.pythonhosted.org/packages/05/da/e3edfd3d26dc5a6001ae296e4ae93ffa06f0af6a61dcd948f19b28b81503/bitwarden_sdk-1.0.0-pp37-pypy37_pp73-macosx_11_0_arm64.whl", hash = "sha256:396f5cd963b5eaf8e333a8d9f59ba2d526ff59d4faf3c54b3b1d8acdc4dd336c", size = 2262532 },
    { url = "https://files.pythonhosted.org/packages/a1/99/2a1d53135f7af9a1531207e30789252bcd1e84c22874f958111334ccc659/bitwarden_sdk-1.0.0-pp37-pypy37_pp73-manylinux_2_28_aarch64.whl", hash = "sha256:f38d6c45a9a3272913eab02029153ef26a505976083ec6e14b15a8ac6b08f718", size = 2540501 },
    { url = "https://files.pythonhosted.org/packages/a5/0d/c12d75633ec49b3c6b3126313d9bc62e195eff3094b9708a0c5a0374edcf/bitwarden_sdk-1.0.0-pp37-pypy37_pp73-manylinux_2_28_x86_64.whl", hash = "sha256:7d2f45f5869a7119358fd95d2e4e4954be5bf7f726e2608d952e1e5e7b5ca876", size = 2618376 },
    { url = "https://files.pythonhosted.org/packages/d5/70/18669b839675c3c018014af8ae26064baf6eb54d34c3a9418313a1a6d375/bitwarden_sdk-1.0.0-pp38-pypy38_pp73-macosx_10_12_x86_64.whl", hash = "sha256:0eb8906e66a5753aa09e8651ef89ecc34c7175db678871a0a4d3372e519be6da", size = 2422924 },
    { url = "https://files.pythonhosted.org/packages/a8/2d/12a96b51d28734a6d50f046c188440f5f0e1ef6947fe5b42b2062dd9cf4b/bitwarden_sdk-1.0.0-pp38-pypy38_pp73-macosx_11_0_arm64.whl", hash = "sha256:2de63cbc82b3909eb68160bb07d78d6f416203a98fbd20de773d174e6015756d", size = 2260914 },
    { url = "https://files.pythonhosted.org/packages/02/df/f6ab8c9e47c905a2d8f80d67aaa69b763f75df3b3a6f56cd19a99bd9f6ec/bitwarden_sdk-1.0.0-pp38-pypy38_pp73-manylinux_2_28_aarch64.whl", hash = "sha256:5a06a4c93654d2e0f9b66ad6743cf296f022cecffdd2861dd7c65e639b63b0e2", size = 2537926 },
    { url = "https://files.pythonhosted.org/packages/a6/72/8d83b99c912178ca13a3ca02f9f1a37576e15880e0822aff10c37cda9128/bitwarden_sdk-1.0.0-pp38-pypy38_pp73-manylinux_2_28_x86_64.whl", hash = "sha256:8c2e4d82ddaf9f989d9674927fe60f67c1455711dc60e3530709c93cb0b27043", size = 2616789 },
    { url = "https://files.pythonhosted.org/packages/54/42/702e17d3f1b07566d6e8f73662711f210ced0d763eb0b32089464b726c7b/bitwarden_sdk-1.0.0-pp39-pypy39_pp73-macosx_10_12_x86_64.whl", hash = "sha256:4b60b1c165cdd6c6dec8a87af6296d9ffa9bdf2fae01cfb3a6e9b1e361fdd743", size = 2422755 },
    { url = "https://files.pythonhosted.org/packages/32/06/3597f19ff303163a5f476558583d9a6ba406362288c9c8da44841fadaab6/bitwarden_sdk-1.0.0-pp39-pypy39_pp73-macosx_11_0_arm64.whl", hash = "sha256:b230e307d9a2d49791d63e8be8998d52d2a848b9e24a433f32c8e17faeda3b6b", size = 2260374 },
    { url = "https://files.pythonhosted.org/packages/2a/55/9fca9dee933c7b478948275fb410d34ee8bcb0fa8249289782221ddd2457/bitwarden_sdk-1.0.0-pp39-pypy39_pp73-manylinux_2_28_aarch64.whl", hash = "sha256:429beae6b4ec20a799b63727b18bb85b703061d1fbfd2ad562aef74d60df3311", size = 2538215 },
    { url = "https://files.pythonhosted.org/packages/54/af/6a6ebfe97c11f336d527c8a5250c44ac38e93b51f04c8d0429d68615deeb/bitwarden_sdk-1.0.0-pp39-pypy39_pp73-manylinux_2_28_x86_64.whl", hash = "sha256:b7ba64dc0bef6180ceddd944893cb58969bb04dc1bd0d687cb0291f6bb9c6369", size = 2616675 },
]

[[package]]
name = "dateutils"
version = "0.6.12"
source = { registry = "https://pypi.org/simple" }
dependencies = [
    { name = "python-dateutil" },
    { name = "pytz" },
]
sdist = { url = "https://files.pythonhosted.org/packages/70/2e/a2d1337ac0ebb32b3b4ad921d9621f8b2f6bb20de0da47ec5d3734f08ce2/dateutils-0.6.12.tar.gz", hash = "sha256:03dd90bcb21541bd4eb4b013637e4f1b5f944881c46cc6e4b67a6059e370e3f1", size = 4954 }
wheels = [
    { url = "https://files.pythonhosted.org/packages/1e/23/cbac954194e5132448cfec0148be1318baac99e68ed597b3d7ff4ae5c182/dateutils-0.6.12-py2.py3-none-any.whl", hash = "sha256:f33b6ab430fa4166e7e9cb8b21ee9f6c9843c48df1a964466f52c79b2a8d53b3", size = 5718 },
]

[[package]]
name = "python-dateutil"
version = "2.9.0.post0"
source = { registry = "https://pypi.org/simple" }
dependencies = [
    { name = "six" },
]
sdist = { url = "https://files.pythonhosted.org/packages/66/c0/0c8b6ad9f17a802ee498c46e004a0eb49bc148f2fd230864601a86dcf6db/python-dateutil-2.9.0.post0.tar.gz", hash = "sha256:37dd54208da7e1cd875388217d5e00ebd4179249f90fb72437e91a35459a0ad3", size = 342432 }
wheels = [
    { url = "https://files.pythonhosted.org/packages/ec/57/56b9bcc3c9c6a792fcbaf139543cee77261f3651ca9da0c93f5c1221264b/python_dateutil-2.9.0.post0-py2.py3-none-any.whl", hash = "sha256:a8b2bc7bffae282281c8140a97d3aa9c14da0b136dfe83f850eea9a5f7470427", size = 229892 },
]

[[package]]
name = "pytz"
version = "2025.2"
source = { registry = "https://pypi.org/simple" }
sdist = { url = "https://files.pythonhosted.org/packages/f8/bf/abbd3cdfb8fbc7fb3d4d38d320f2441b1e7cbe29be4f23797b4a2b5d8aac/pytz-2025.2.tar.gz", hash = "sha256:360b9e3dbb49a209c21ad61809c7fb453643e048b38924c765813546746e81c3", size = 320884 }
wheels = [
    { url = "https://files.pythonhosted.org/packages/81/c4/34e93fe5f5429d7570ec1fa436f1986fb1f00c3e0f43a589fe2bbcd22c3f/pytz-2025.2-py2.py3-none-any.whl", hash = "sha256:5ddf76296dd8c44c26eb8f4b6f35488f3ccbf6fbbd7adee0b7262d43f0ec2f00", size = 509225 },
]

[[package]]
name = "six"
version = "1.17.0"
source = { registry = "https://pypi.org/simple" }
sdist = { url = "https://files.pythonhosted.org/packages/94/e7/b2c673351809dca68a0e064b6af791aa332cf192da575fd474ed7d6f16a2/six-1.17.0.tar.gz", hash = "sha256:ff70335d468e7eb6ec65b95b99d3a2836546063f63acc5171de367e834932a81", size = 34031 }
wheels = [
    { url = "https://files.pythonhosted.org/packages/b7/ce/149a00dd41f10bc29e5921b496af8b574d8413afcd5e30dfa0ed46c2cc5e/six-1.17.0-py2.py3-none-any.whl", hash = "sha256:4721f391ed90541fddacab5acf947aa0d3dc7d27b2e1e8eda2be8970586c3274", size = 11050 },
]

[[package]]
name = "vault"
version = "0.1.0"
source = { editable = "." }
dependencies = [
    { name = "bitwarden-sdk" },
]

[package.metadata]
requires-dist = [{ name = "bitwarden-sdk" }]
